
Microsoft Visual Studio Solution File, Format Version 12.00
# Visual Studio Version 17
VisualStudioVersion = 17.4.33213.308
MinimumVisualStudioVersion = 10.0.40219.1
Project("{9A19103F-16F7-4668-BE54-9A1E7A4F7556}") = "01_Calculator", "01_Calculator\01_Calculator.csproj", "{007DEA5B-2444-4240-A898-927BFF234F93}"
EndProject
Project("{9A19103F-16F7-4668-BE54-9A1E7A4F7556}") = "ConsoleInput", "ConsoleInput\ConsoleInput.csproj", "{A55CCA5B-093F-4CD6-A9E0-8EA7DD6ED8F8}"
EndProject
Project("{9A19103F-16F7-4668-BE54-9A1E7A4F7556}") = "ConsoleGrafic01flag", "ConsoleGrafic01flag\ConsoleGrafic01flag.csproj", "{C943B709-D3B8-49E0-8CE5-F6F523499A23}"
EndProject
Project("{9A19103F-16F7-4668-BE54-9A1E7A4F7556}") = "ConsolePhoneBook", "ConsolePhonebook\ConsolePhoneBook.csproj", "{A4CDE139-9DB6-4E0F-B747-6C05854B4112}"
EndProject
Project("{9A19103F-16F7-4668-BE54-9A1E7A4F7556}") = "CalcultorString", "CalcultorString\CalcultorString.csproj", "{F27328B8-CEF6-468B-B83D-08821F9809BF}"
EndProject
Project("{9A19103F-16F7-4668-BE54-9A1E7A4F7556}") = "ConsoleAppCSVfileLINQ", "ConsoleAppCSVfileLINQ\ConsoleAppCSVfileLINQ.csproj", "{87ADAA21-3C76-4E1E-BB52-446E16B6AEA8}"
EndProject
Project("{FAE04EC0-301F-11D3-BF4B-00C04F79EFBC}") = "PhoneBook", "PhoneBook\PhoneBook.csproj", "{59BCDC15-8832-4D46-A892-636B0CA03B90}"
EndProject
Global
	GlobalSection(SolutionConfigurationPlatforms) = preSolution
		Debug|Any CPU = Debug|Any CPU
		Release|Any CPU = Release|Any CPU
	EndGlobalSection
	GlobalSection(ProjectConfigurationPlatforms) = postSolution
		{007DEA5B-2444-4240-A898-927BFF234F93}.Debug|Any CPU.ActiveCfg = Debug|Any CPU
		{007DEA5B-2444-4240-A898-927BFF234F93}.Debug|Any CPU.Build.0 = Debug|Any CPU
		{007DEA5B-2444-4240-A898-927BFF234F93}.Release|Any CPU.ActiveCfg = Release|Any CPU
		{007DEA5B-2444-4240-A898-927BFF234F93}.Release|Any CPU.Build.0 = Release|Any CPU
		{A55CCA5B-093F-4CD6-A9E0-8EA7DD6ED8F8}.Debug|Any CPU.ActiveCfg = Debug|Any CPU
		{A55CCA5B-093F-4CD6-A9E0-8EA7DD6ED8F8}.Debug|Any CPU.Build.0 = Debug|Any CPU
		{A55CCA5B-093F-4CD6-A9E0-8EA7DD6ED8F8}.Release|Any CPU.ActiveCfg = Release|Any CPU
		{A55CCA5B-093F-4CD6-A9E0-8EA7DD6ED8F8}.Release|Any CPU.Build.0 = Release|Any CPU
		{C943B709-D3B8-49E0-8CE5-F6F523499A23}.Debug|Any CPU.ActiveCfg = Debug|Any CPU
		{C943B709-D3B8-49E0-8CE5-F6F523499A23}.Debug|Any CPU.Build.0 = Debug|Any CPU
		{C943B709-D3B8-49E0-8CE5-F6F523499A23}.Release|Any CPU.ActiveCfg = Release|Any CPU
		{C943B709-D3B8-49E0-8CE5-F6F523499A23}.Release|Any CPU.Build.0 = Release|Any CPU
		{A4CDE139-9DB6-4E0F-B747-6C05854B4112}.Debug|Any CPU.ActiveCfg = Debug|Any CPU
		{A4CDE139-9DB6-4E0F-B747-6C05854B4112}.Debug|Any CPU.Build.0 = Debug|Any CPU
		{A4CDE139-9DB6-4E0F-B747-6C05854B4112}.Release|Any CPU.ActiveCfg = Release|Any CPU
		{A4CDE139-9DB6-4E0F-B747-6C05854B4112}.Release|Any CPU.Build.0 = Release|Any CPU
		{F27328B8-CEF6-468B-B83D-08821F9809BF}.Debug|Any CPU.ActiveCfg = Debug|Any CPU
		{F27328B8-CEF6-468B-B83D-08821F9809BF}.Debug|Any CPU.Build.0 = Debug|Any CPU
		{F27328B8-CEF6-468B-B83D-08821F9809BF}.Release|Any CPU.ActiveCfg = Release|Any CPU
		{F27328B8-CEF6-468B-B83D-08821F9809BF}.Release|Any CPU.Build.0 = Release|Any CPU
		{87ADAA21-3C76-4E1E-BB52-446E16B6AEA8}.Debug|Any CPU.ActiveCfg = Debug|Any CPU
		{87ADAA21-3C76-4E1E-BB52-446E16B6AEA8}.Debug|Any CPU.Build.0 = Debug|Any CPU
		{87ADAA21-3C76-4E1E-BB52-446E16B6AEA8}.Release|Any CPU.ActiveCfg = Release|Any CPU
		{87ADAA21-3C76-4E1E-BB52-446E16B6AEA8}.Release|Any CPU.Build.0 = Release|Any CPU
		{59BCDC15-8832-4D46-A892-636B0CA03B90}.Debug|Any CPU.ActiveCfg = Debug|Any CPU
		{59BCDC15-8832-4D46-A892-636B0CA03B90}.Debug|Any CPU.Build.0 = Debug|Any CPU
		{59BCDC15-8832-4D46-A892-636B0CA03B90}.Release|Any CPU.ActiveCfg = Release|Any CPU
		{59BCDC15-8832-4D46-A892-636B0CA03B90}.Release|Any CPU.Build.0 = Release|Any CPU
	EndGlobalSection
	GlobalSection(SolutionProperties) = preSolution
		HideSolutionNode = FALSE
	EndGlobalSection
	GlobalSection(ExtensibilityGlobals) = postSolution
		SolutionGuid = {05562736-26E3-4B3A-8EF4-002C6A8D23CE}
	EndGlobalSection
EndGlobal
